
Microsoft Visual Studio Solution File, Format Version 12.00
# Visual Studio Version 16
VisualStudioVersion = 16.0.31515.178
MinimumVisualStudioVersion = 10.0.40219.1
Project("{FAE04EC0-301F-11D3-BF4B-00C04F79EFBC}") = "HW-Generics", "HW-Generics\HW-Generics.csproj", "{189A4A3C-7FA8-4FD2-A5F9-E26878AA027A}"
EndProject
Global
	GlobalSection(SolutionConfigurationPlatforms) = preSolution
		Debug|Any CPU = Debug|Any CPU
		Release|Any CPU = Release|Any CPU
	EndGlobalSection
	GlobalSection(ProjectConfigurationPlatforms) = postSolution
		{189A4A3C-7FA8-4FD2-A5F9-E26878AA027A}.Debug|Any CPU.ActiveCfg = Debug|Any CPU
		{189A4A3C-7FA8-4FD2-A5F9-E26878AA027A}.Debug|Any CPU.Build.0 = Debug|Any CPU
		{189A4A3C-7FA8-4FD2-A5F9-E26878AA027A}.Release|Any CPU.ActiveCfg = Release|Any CPU
		{189A4A3C-7FA8-4FD2-A5F9-E26878AA027A}.Release|Any CPU.Build.0 = Release|Any CPU
	EndGlobalSection
	GlobalSection(SolutionProperties) = preSolution
		HideSolutionNode = FALSE
	EndGlobalSection
	GlobalSection(ExtensibilityGlobals) = postSolution
		SolutionGuid = {11AA7F3B-94B6-47EA-A20B-B7170FBEE5F0}
	EndGlobalSection
EndGlobal
